
Microsoft Visual Studio Solution File, Format Version 12.00
# Visual Studio 15
VisualStudioVersion = 15.0.26730.16
MinimumVisualStudioVersion = 10.0.40219.1
Project("{FAE04EC0-301F-11D3-BF4B-00C04F79EFBC}") = "O365 Encrypt Button", "O365 Encrypt Button\O365 Encrypt Button.csproj", "{26912734-59D0-44DC-B3A3-5378D15FFE6B}"
EndProject
Global
	GlobalSection(SolutionConfigurationPlatforms) = preSolution
		Debug|Any CPU = Debug|Any CPU
		Release|Any CPU = Release|Any CPU
	EndGlobalSection
	GlobalSection(ProjectConfigurationPlatforms) = postSolution
		{26912734-59D0-44DC-B3A3-5378D15FFE6B}.Debug|Any CPU.ActiveCfg = Release|Any CPU
		{26912734-59D0-44DC-B3A3-5378D15FFE6B}.Release|Any CPU.ActiveCfg = Release|Any CPU
		{26912734-59D0-44DC-B3A3-5378D15FFE6B}.Release|Any CPU.Build.0 = Release|Any CPU
	EndGlobalSection
	GlobalSection(SolutionProperties) = preSolution
		HideSolutionNode = FALSE
	EndGlobalSection
	GlobalSection(ExtensibilityGlobals) = postSolution
		SolutionGuid = {BEDAD18B-DA50-4BE9-A015-EEBC0F7D57DE}
	EndGlobalSection
EndGlobal
